
Microsoft Visual Studio Solution File, Format Version 12.00
# Visual Studio Version 16
VisualStudioVersion = 16.0.29911.84
MinimumVisualStudioVersion = 10.0.40219.1
Project("{9A19103F-16F7-4668-BE54-9A1E7A4F7556}") = "eKuharica", "eKuharica\eKuharica.csproj", "{212F6C22-06DC-4A9F-8C8D-9F61DB8E46DC}"
EndProject
Project("{9A19103F-16F7-4668-BE54-9A1E7A4F7556}") = "eKuharica.Model", "eKuharica.Model\eKuharica.Model.csproj", "{00AA908E-EBD1-4E48-898A-CB72F4A29AEA}"
EndProject
Project("{FAE04EC0-301F-11D3-BF4B-00C04F79EFBC}") = "eKuharica.WinUI", "eKuharica.WinUI\eKuharica.WinUI.csproj", "{06398DF4-310F-4888-86CF-418935F29215}"
EndProject
Project("{FAE04EC0-301F-11D3-BF4B-00C04F79EFBC}") = "eKuharica.Mobile.UWP", "eKuharica.Mobile\eKuharica.Mobile.UWP\eKuharica.Mobile.UWP.csproj", "{89985157-D4A3-4349-93C8-BDEDD34CD18A}"
EndProject
Project("{FAE04EC0-301F-11D3-BF4B-00C04F79EFBC}") = "eKuharica.Mobile.Android", "eKuharica.Mobile\eKuharica.Mobile.Android\eKuharica.Mobile.Android.csproj", "{C3AAAABD-F360-4C0D-8153-1551839316D8}"
EndProject
Project("{FAE04EC0-301F-11D3-BF4B-00C04F79EFBC}") = "eKuharica.Mobile.iOS", "eKuharica.Mobile\eKuharica.Mobile.iOS\eKuharica.Mobile.iOS.csproj", "{8F020282-6A53-49E7-9A69-1612F94F4D42}"
EndProject
Project("{FAE04EC0-301F-11D3-BF4B-00C04F79EFBC}") = "eKuharica.Mobile", "eKuharica.Mobile\eKuharica.Mobile\eKuharica.Mobile.csproj", "{858379AA-0899-4DAA-84CA-DE90961AF781}"
EndProject
Project("{2150E333-8FDC-42A3-9474-1A3956D46DE8}") = "Kuharica.Mobile", "Kuharica.Mobile", "{5539CB4C-6014-4658-A028-A4593F84961B}"
EndProject
Global
	GlobalSection(SolutionConfigurationPlatforms) = preSolution
		Debug|Any CPU = Debug|Any CPU
		Debug|ARM = Debug|ARM
		Debug|iPhone = Debug|iPhone
		Debug|iPhoneSimulator = Debug|iPhoneSimulator
		Debug|x64 = Debug|x64
		Debug|x86 = Debug|x86
		Release|Any CPU = Release|Any CPU
		Release|ARM = Release|ARM
		Release|iPhone = Release|iPhone
		Release|iPhoneSimulator = Release|iPhoneSimulator
		Release|x64 = Release|x64
		Release|x86 = Release|x86
	EndGlobalSection
	GlobalSection(ProjectConfigurationPlatforms) = postSolution
		{212F6C22-06DC-4A9F-8C8D-9F61DB8E46DC}.Debug|Any CPU.ActiveCfg = Debug|Any CPU
		{212F6C22-06DC-4A9F-8C8D-9F61DB8E46DC}.Debug|Any CPU.Build.0 = Debug|Any CPU
		{212F6C22-06DC-4A9F-8C8D-9F61DB8E46DC}.Debug|ARM.ActiveCfg = Debug|Any CPU
		{212F6C22-06DC-4A9F-8C8D-9F61DB8E46DC}.Debug|ARM.Build.0 = Debug|Any CPU
		{212F6C22-06DC-4A9F-8C8D-9F61DB8E46DC}.Debug|iPhone.ActiveCfg = Debug|Any CPU
		{212F6C22-06DC-4A9F-8C8D-9F61DB8E46DC}.Debug|iPhone.Build.0 = Debug|Any CPU
		{212F6C22-06DC-4A9F-8C8D-9F61DB8E46DC}.Debug|iPhoneSimulator.ActiveCfg = Debug|Any CPU
		{212F6C22-06DC-4A9F-8C8D-9F61DB8E46DC}.Debug|iPhoneSimulator.Build.0 = Debug|Any CPU
		{212F6C22-06DC-4A9F-8C8D-9F61DB8E46DC}.Debug|x64.ActiveCfg = Debug|Any CPU
		{212F6C22-06DC-4A9F-8C8D-9F61DB8E46DC}.Debug|x64.Build.0 = Debug|Any CPU
		{212F6C22-06DC-4A9F-8C8D-9F61DB8E46DC}.Debug|x86.ActiveCfg = Debug|Any CPU
		{212F6C22-06DC-4A9F-8C8D-9F61DB8E46DC}.Debug|x86.Build.0 = Debug|Any CPU
		{212F6C22-06DC-4A9F-8C8D-9F61DB8E46DC}.Release|Any CPU.ActiveCfg = Release|Any CPU
		{212F6C22-06DC-4A9F-8C8D-9F61DB8E46DC}.Release|Any CPU.Build.0 = Release|Any CPU
		{212F6C22-06DC-4A9F-8C8D-9F61DB8E46DC}.Release|ARM.ActiveCfg = Release|Any CPU
		{212F6C22-06DC-4A9F-8C8D-9F61DB8E46DC}.Release|ARM.Build.0 = Release|Any CPU
		{212F6C22-06DC-4A9F-8C8D-9F61DB8E46DC}.Release|iPhone.ActiveCfg = Release|Any CPU
		{212F6C22-06DC-4A9F-8C8D-9F61DB8E46DC}.Release|iPhone.Build.0 = Release|Any CPU
		{212F6C22-06DC-4A9F-8C8D-9F61DB8E46DC}.Release|iPhoneSimulator.ActiveCfg = Release|Any CPU
		{212F6C22-06DC-4A9F-8C8D-9F61DB8E46DC}.Release|iPhoneSimulator.Build.0 = Release|Any CPU
		{212F6C22-06DC-4A9F-8C8D-9F61DB8E46DC}.Release|x64.ActiveCfg = Release|Any CPU
		{212F6C22-06DC-4A9F-8C8D-9F61DB8E46DC}.Release|x64.Build.0 = Release|Any CPU
		{212F6C22-06DC-4A9F-8C8D-9F61DB8E46DC}.Release|x86.ActiveCfg = Release|Any CPU
		{212F6C22-06DC-4A9F-8C8D-9F61DB8E46DC}.Release|x86.Build.0 = Release|Any CPU
		{00AA908E-EBD1-4E48-898A-CB72F4A29AEA}.Debug|Any CPU.ActiveCfg = Debug|Any CPU
		{00AA908E-EBD1-4E48-898A-CB72F4A29AEA}.Debug|Any CPU.Build.0 = Debug|Any CPU
		{00AA908E-EBD1-4E48-898A-CB72F4A29AEA}.Debug|ARM.ActiveCfg = Debug|Any CPU
		{00AA908E-EBD1-4E48-898A-CB72F4A29AEA}.Debug|ARM.Build.0 = Debug|Any CPU
		{00AA908E-EBD1-4E48-898A-CB72F4A29AEA}.Debug|iPhone.ActiveCfg = Debug|Any CPU
		{00AA908E-EBD1-4E48-898A-CB72F4A29AEA}.Debug|iPhone.Build.0 = Debug|Any CPU
		{00AA908E-EBD1-4E48-898A-CB72F4A29AEA}.Debug|iPhoneSimulator.ActiveCfg = Debug|Any CPU
		{00AA908E-EBD1-4E48-898A-CB72F4A29AEA}.Debug|iPhoneSimulator.Build.0 = Debug|Any CPU
		{00AA908E-EBD1-4E48-898A-CB72F4A29AEA}.Debug|x64.ActiveCfg = Debug|Any CPU
		{00AA908E-EBD1-4E48-898A-CB72F4A29AEA}.Debug|x64.Build.0 = Debug|Any CPU
		{00AA908E-EBD1-4E48-898A-CB72F4A29AEA}.Debug|x86.ActiveCfg = Debug|Any CPU
		{00AA908E-EBD1-4E48-898A-CB72F4A29AEA}.Debug|x86.Build.0 = Debug|Any CPU
		{00AA908E-EBD1-4E48-898A-CB72F4A29AEA}.Release|Any CPU.ActiveCfg = Release|Any CPU
		{00AA908E-EBD1-4E48-898A-CB72F4A29AEA}.Release|Any CPU.Build.0 = Release|Any CPU
		{00AA908E-EBD1-4E48-898A-CB72F4A29AEA}.Release|ARM.ActiveCfg = Release|Any CPU
		{00AA908E-EBD1-4E48-898A-CB72F4A29AEA}.Release|ARM.Build.0 = Release|Any CPU
		{00AA908E-EBD1-4E48-898A-CB72F4A29AEA}.Release|iPhone.ActiveCfg = Release|Any CPU
		{00AA908E-EBD1-4E48-898A-CB72F4A29AEA}.Release|iPhone.Build.0 = Release|Any CPU
		{00AA908E-EBD1-4E48-898A-CB72F4A29AEA}.Release|iPhoneSimulator.ActiveCfg = Release|Any CPU
		{00AA908E-EBD1-4E48-898A-CB72F4A29AEA}.Release|iPhoneSimulator.Build.0 = Release|Any CPU
		{00AA908E-EBD1-4E48-898A-CB72F4A29AEA}.Release|x64.ActiveCfg = Release|Any CPU
		{00AA908E-EBD1-4E48-898A-CB72F4A29AEA}.Release|x64.Build.0 = Release|Any CPU
		{00AA908E-EBD1-4E48-898A-CB72F4A29AEA}.Release|x86.ActiveCfg = Release|Any CPU
		{00AA908E-EBD1-4E48-898A-CB72F4A29AEA}.Release|x86.Build.0 = Release|Any CPU
		{06398DF4-310F-4888-86CF-418935F29215}.Debug|Any CPU.ActiveCfg = Debug|Any CPU
		{06398DF4-310F-4888-86CF-418935F29215}.Debug|Any CPU.Build.0 = Debug|Any CPU
		{06398DF4-310F-4888-86CF-418935F29215}.Debug|ARM.ActiveCfg = Debug|Any CPU
		{06398DF4-310F-4888-86CF-418935F29215}.Debug|ARM.Build.0 = Debug|Any CPU
		{06398DF4-310F-4888-86CF-418935F29215}.Debug|iPhone.ActiveCfg = Debug|Any CPU
		{06398DF4-310F-4888-86CF-418935F29215}.Debug|iPhone.Build.0 = Debug|Any CPU
		{06398DF4-310F-4888-86CF-418935F29215}.Debug|iPhoneSimulator.ActiveCfg = Debug|Any CPU
		{06398DF4-310F-4888-86CF-418935F29215}.Debug|iPhoneSimulator.Build.0 = Debug|Any CPU
		{06398DF4-310F-4888-86CF-418935F29215}.Debug|x64.ActiveCfg = Debug|Any CPU
		{06398DF4-310F-4888-86CF-418935F29215}.Debug|x64.Build.0 = Debug|Any CPU
		{06398DF4-310F-4888-86CF-418935F29215}.Debug|x86.ActiveCfg = Debug|Any CPU
		{06398DF4-310F-4888-86CF-418935F29215}.Debug|x86.Build.0 = Debug|Any CPU
		{06398DF4-310F-4888-86CF-418935F29215}.Release|Any CPU.ActiveCfg = Release|Any CPU
		{06398DF4-310F-4888-86CF-418935F29215}.Release|Any CPU.Build.0 = Release|Any CPU
		{06398DF4-310F-4888-86CF-418935F29215}.Release|ARM.ActiveCfg = Release|Any CPU
		{06398DF4-310F-4888-86CF-418935F29215}.Release|ARM.Build.0 = Release|Any CPU
		{06398DF4-310F-4888-86CF-418935F29215}.Release|iPhone.ActiveCfg = Release|Any CPU
		{06398DF4-310F-4888-86CF-418935F29215}.Release|iPhone.Build.0 = Release|Any CPU
		{06398DF4-310F-4888-86CF-418935F29215}.Release|iPhoneSimulator.ActiveCfg = Release|Any CPU
		{06398DF4-310F-4888-86CF-418935F29215}.Release|iPhoneSimulator.Build.0 = Release|Any CPU
		{06398DF4-310F-4888-86CF-418935F29215}.Release|x64.ActiveCfg = Release|Any CPU
		{06398DF4-310F-4888-86CF-418935F29215}.Release|x64.Build.0 = Release|Any CPU
		{06398DF4-310F-4888-86CF-418935F29215}.Release|x86.ActiveCfg = Release|Any CPU
		{06398DF4-310F-4888-86CF-418935F29215}.Release|x86.Build.0 = Release|Any CPU
		{89985157-D4A3-4349-93C8-BDEDD34CD18A}.Debug|Any CPU.ActiveCfg = Debug|x86
		{89985157-D4A3-4349-93C8-BDEDD34CD18A}.Debug|ARM.ActiveCfg = Debug|ARM
		{89985157-D4A3-4349-93C8-BDEDD34CD18A}.Debug|ARM.Build.0 = Debug|ARM
		{89985157-D4A3-4349-93C8-BDEDD34CD18A}.Debug|ARM.Deploy.0 = Debug|ARM
		{89985157-D4A3-4349-93C8-BDEDD34CD18A}.Debug|iPhone.ActiveCfg = Debug|x86
		{89985157-D4A3-4349-93C8-BDEDD34CD18A}.Debug|iPhoneSimulator.ActiveCfg = Debug|x86
		{89985157-D4A3-4349-93C8-BDEDD34CD18A}.Debug|x64.ActiveCfg = Debug|x64
		{89985157-D4A3-4349-93C8-BDEDD34CD18A}.Debug|x64.Build.0 = Debug|x64
		{89985157-D4A3-4349-93C8-BDEDD34CD18A}.Debug|x64.Deploy.0 = Debug|x64
		{89985157-D4A3-4349-93C8-BDEDD34CD18A}.Debug|x86.ActiveCfg = Debug|x86
		{89985157-D4A3-4349-93C8-BDEDD34CD18A}.Debug|x86.Build.0 = Debug|x86
		{89985157-D4A3-4349-93C8-BDEDD34CD18A}.Debug|x86.Deploy.0 = Debug|x86
		{89985157-D4A3-4349-93C8-BDEDD34CD18A}.Release|Any CPU.ActiveCfg = Release|x86
		{89985157-D4A3-4349-93C8-BDEDD34CD18A}.Release|ARM.ActiveCfg = Release|ARM
		{89985157-D4A3-4349-93C8-BDEDD34CD18A}.Release|ARM.Build.0 = Release|ARM
		{89985157-D4A3-4349-93C8-BDEDD34CD18A}.Release|ARM.Deploy.0 = Release|ARM
		{89985157-D4A3-4349-93C8-BDEDD34CD18A}.Release|iPhone.ActiveCfg = Release|x86
		{89985157-D4A3-4349-93C8-BDEDD34CD18A}.Release|iPhoneSimulator.ActiveCfg = Release|x86
		{89985157-D4A3-4349-93C8-BDEDD34CD18A}.Release|x64.ActiveCfg = Release|x64
		{89985157-D4A3-4349-93C8-BDEDD34CD18A}.Release|x64.Build.0 = Release|x64
		{89985157-D4A3-4349-93C8-BDEDD34CD18A}.Release|x64.Deploy.0 = Release|x64
		{89985157-D4A3-4349-93C8-BDEDD34CD18A}.Release|x86.ActiveCfg = Release|x86
		{89985157-D4A3-4349-93C8-BDEDD34CD18A}.Release|x86.Build.0 = Release|x86
		{89985157-D4A3-4349-93C8-BDEDD34CD18A}.Release|x86.Deploy.0 = Release|x86
		{C3AAAABD-F360-4C0D-8153-1551839316D8}.Debug|Any CPU.ActiveCfg = Debug|Any CPU
		{C3AAAABD-F360-4C0D-8153-1551839316D8}.Debug|Any CPU.Build.0 = Debug|Any CPU
		{C3AAAABD-F360-4C0D-8153-1551839316D8}.Debug|Any CPU.Deploy.0 = Debug|Any CPU
		{C3AAAABD-F360-4C0D-8153-1551839316D8}.Debug|ARM.ActiveCfg = Debug|Any CPU
		{C3AAAABD-F360-4C0D-8153-1551839316D8}.Debug|ARM.Build.0 = Debug|Any CPU
		{C3AAAABD-F360-4C0D-8153-1551839316D8}.Debug|ARM.Deploy.0 = Debug|Any CPU
		{C3AAAABD-F360-4C0D-8153-1551839316D8}.Debug|iPhone.ActiveCfg = Debug|Any CPU
		{C3AAAABD-F360-4C0D-8153-1551839316D8}.Debug|iPhone.Build.0 = Debug|Any CPU
		{C3AAAABD-F360-4C0D-8153-1551839316D8}.Debug|iPhone.Deploy.0 = Debug|Any CPU
		{C3AAAABD-F360-4C0D-8153-1551839316D8}.Debug|iPhoneSimulator.ActiveCfg = Debug|Any CPU
		{C3AAAABD-F360-4C0D-8153-1551839316D8}.Debug|iPhoneSimulator.Build.0 = Debug|Any CPU
		{C3AAAABD-F360-4C0D-8153-1551839316D8}.Debug|iPhoneSimulator.Deploy.0 = Debug|Any CPU
		{C3AAAABD-F360-4C0D-8153-1551839316D8}.Debug|x64.ActiveCfg = Debug|Any CPU
		{C3AAAABD-F360-4C0D-8153-1551839316D8}.Debug|x64.Build.0 = Debug|Any CPU
		{C3AAAABD-F360-4C0D-8153-1551839316D8}.Debug|x64.Deploy.0 = Debug|Any CPU
		{C3AAAABD-F360-4C0D-8153-1551839316D8}.Debug|x86.ActiveCfg = Debug|Any CPU
		{C3AAAABD-F360-4C0D-8153-1551839316D8}.Debug|x86.Build.0 = Debug|Any CPU
		{C3AAAABD-F360-4C0D-8153-1551839316D8}.Debug|x86.Deploy.0 = Debug|Any CPU
		{C3AAAABD-F360-4C0D-8153-1551839316D8}.Release|Any CPU.ActiveCfg = Release|Any CPU
		{C3AAAABD-F360-4C0D-8153-1551839316D8}.Release|Any CPU.Build.0 = Release|Any CPU
		{C3AAAABD-F360-4C0D-8153-1551839316D8}.Release|Any CPU.Deploy.0 = Release|Any CPU
		{C3AAAABD-F360-4C0D-8153-1551839316D8}.Release|ARM.ActiveCfg = Release|Any CPU
		{C3AAAABD-F360-4C0D-8153-1551839316D8}.Release|ARM.Build.0 = Release|Any CPU
		{C3AAAABD-F360-4C0D-8153-1551839316D8}.Release|ARM.Deploy.0 = Release|Any CPU
		{C3AAAABD-F360-4C0D-8153-1551839316D8}.Release|iPhone.ActiveCfg = Release|Any CPU
		{C3AAAABD-F360-4C0D-8153-1551839316D8}.Release|iPhone.Build.0 = Release|Any CPU
		{C3AAAABD-F360-4C0D-8153-1551839316D8}.Release|iPhone.Deploy.0 = Release|Any CPU
		{C3AAAABD-F360-4C0D-8153-1551839316D8}.Release|iPhoneSimulator.ActiveCfg = Release|Any CPU
		{C3AAAABD-F360-4C0D-8153-1551839316D8}.Release|iPhoneSimulator.Build.0 = Release|Any CPU
		{C3AAAABD-F360-4C0D-8153-1551839316D8}.Release|iPhoneSimulator.Deploy.0 = Release|Any CPU
		{C3AAAABD-F360-4C0D-8153-1551839316D8}.Release|x64.ActiveCfg = Release|Any CPU
		{C3AAAABD-F360-4C0D-8153-1551839316D8}.Release|x64.Build.0 = Release|Any CPU
		{C3AAAABD-F360-4C0D-8153-1551839316D8}.Release|x64.Deploy.0 = Release|Any CPU
		{C3AAAABD-F360-4C0D-8153-1551839316D8}.Release|x86.ActiveCfg = Release|Any CPU
		{C3AAAABD-F360-4C0D-8153-1551839316D8}.Release|x86.Build.0 = Release|Any CPU
		{C3AAAABD-F360-4C0D-8153-1551839316D8}.Release|x86.Deploy.0 = Release|Any CPU
		{8F020282-6A53-49E7-9A69-1612F94F4D42}.Debug|Any CPU.ActiveCfg = Debug|iPhone
		{8F020282-6A53-49E7-9A69-1612F94F4D42}.Debug|ARM.ActiveCfg = Debug|iPhone
		{8F020282-6A53-49E7-9A69-1612F94F4D42}.Debug|iPhone.ActiveCfg = Debug|iPhone
		{8F020282-6A53-49E7-9A69-1612F94F4D42}.Debug|iPhone.Build.0 = Debug|iPhone
		{8F020282-6A53-49E7-9A69-1612F94F4D42}.Debug|iPhoneSimulator.ActiveCfg = Debug|iPhoneSimulator
		{8F020282-6A53-49E7-9A69-1612F94F4D42}.Debug|iPhoneSimulator.Build.0 = Debug|iPhoneSimulator
		{8F020282-6A53-49E7-9A69-1612F94F4D42}.Debug|x64.ActiveCfg = Debug|iPhone
		{8F020282-6A53-49E7-9A69-1612F94F4D42}.Debug|x86.ActiveCfg = Debug|iPhone
		{8F020282-6A53-49E7-9A69-1612F94F4D42}.Release|Any CPU.ActiveCfg = Release|iPhone
		{8F020282-6A53-49E7-9A69-1612F94F4D42}.Release|ARM.ActiveCfg = Release|iPhone
		{8F020282-6A53-49E7-9A69-1612F94F4D42}.Release|iPhone.ActiveCfg = Release|iPhone
		{8F020282-6A53-49E7-9A69-1612F94F4D42}.Release|iPhone.Build.0 = Release|iPhone
		{8F020282-6A53-49E7-9A69-1612F94F4D42}.Release|iPhoneSimulator.ActiveCfg = Release|iPhoneSimulator
		{8F020282-6A53-49E7-9A69-1612F94F4D42}.Release|iPhoneSimulator.Build.0 = Release|iPhoneSimulator
		{8F020282-6A53-49E7-9A69-1612F94F4D42}.Release|x64.ActiveCfg = Release|iPhone
		{8F020282-6A53-49E7-9A69-1612F94F4D42}.Release|x86.ActiveCfg = Release|iPhone
		{858379AA-0899-4DAA-84CA-DE90961AF781}.Debug|Any CPU.ActiveCfg = Debug|Any CPU
		{858379AA-0899-4DAA-84CA-DE90961AF781}.Debug|Any CPU.Build.0 = Debug|Any CPU
		{858379AA-0899-4DAA-84CA-DE90961AF781}.Debug|ARM.ActiveCfg = Debug|Any CPU
		{858379AA-0899-4DAA-84CA-DE90961AF781}.Debug|ARM.Build.0 = Debug|Any CPU
		{858379AA-0899-4DAA-84CA-DE90961AF781}.Debug|iPhone.ActiveCfg = Debug|Any CPU
		{858379AA-0899-4DAA-84CA-DE90961AF781}.Debug|iPhone.Build.0 = Debug|Any CPU
		{858379AA-0899-4DAA-84CA-DE90961AF781}.Debug|iPhoneSimulator.ActiveCfg = Debug|Any CPU
		{858379AA-0899-4DAA-84CA-DE90961AF781}.Debug|iPhoneSimulator.Build.0 = Debug|Any CPU
		{858379AA-0899-4DAA-84CA-DE90961AF781}.Debug|x64.ActiveCfg = Debug|Any CPU
		{858379AA-0899-4DAA-84CA-DE90961AF781}.Debug|x64.Build.0 = Debug|Any CPU
		{858379AA-0899-4DAA-84CA-DE90961AF781}.Debug|x86.ActiveCfg = Debug|Any CPU
		{858379AA-0899-4DAA-84CA-DE90961AF781}.Debug|x86.Build.0 = Debug|Any CPU
		{858379AA-0899-4DAA-84CA-DE90961AF781}.Release|Any CPU.ActiveCfg = Release|Any CPU
		{858379AA-0899-4DAA-84CA-DE90961AF781}.Release|Any CPU.Build.0 = Release|Any CPU
		{858379AA-0899-4DAA-84CA-DE90961AF781}.Release|ARM.ActiveCfg = Release|Any CPU
		{858379AA-0899-4DAA-84CA-DE90961AF781}.Release|ARM.Build.0 = Release|Any CPU
		{858379AA-0899-4DAA-84CA-DE90961AF781}.Release|iPhone.ActiveCfg = Release|Any CPU
		{858379AA-0899-4DAA-84CA-DE90961AF781}.Release|iPhone.Build.0 = Release|Any CPU
		{858379AA-0899-4DAA-84CA-DE90961AF781}.Release|iPhoneSimulator.ActiveCfg = Release|Any CPU
		{858379AA-0899-4DAA-84CA-DE90961AF781}.Release|iPhoneSimulator.Build.0 = Release|Any CPU
		{858379AA-0899-4DAA-84CA-DE90961AF781}.Release|x64.ActiveCfg = Release|Any CPU
		{858379AA-0899-4DAA-84CA-DE90961AF781}.Release|x64.Build.0 = Release|Any CPU
		{858379AA-0899-4DAA-84CA-DE90961AF781}.Release|x86.ActiveCfg = Release|Any CPU
		{858379AA-0899-4DAA-84CA-DE90961AF781}.Release|x86.Build.0 = Release|Any CPU
	EndGlobalSection
	GlobalSection(SolutionProperties) = preSolution
		HideSolutionNode = FALSE
	EndGlobalSection
	GlobalSection(NestedProjects) = preSolution
		{89985157-D4A3-4349-93C8-BDEDD34CD18A} = {5539CB4C-6014-4658-A028-A4593F84961B}
		{C3AAAABD-F360-4C0D-8153-1551839316D8} = {5539CB4C-6014-4658-A028-A4593F84961B}
		{8F020282-6A53-49E7-9A69-1612F94F4D42} = {5539CB4C-6014-4658-A028-A4593F84961B}
		{858379AA-0899-4DAA-84CA-DE90961AF781} = {5539CB4C-6014-4658-A028-A4593F84961B}
	EndGlobalSection
	GlobalSection(ExtensibilityGlobals) = postSolution
		SolutionGuid = {CB22944E-E853-4CF2-9C8B-C55E72F67FFF}
	EndGlobalSection
EndGlobal
